
Microsoft Visual Studio Solution File, Format Version 12.00
# Visual Studio Version 16
VisualStudioVersion = 16.0.32602.291
MinimumVisualStudioVersion = 10.0.40219.1
Project("{151D2E53-A2C4-4D7D-83FE-D05416EBD58E}") = "Orders", "Orders\Orders.deployproj", "{29191EC8-189F-4E63-BF2C-DBF75713F133}"
EndProject
Global
	GlobalSection(SolutionConfigurationPlatforms) = preSolution
		Debug|Any CPU = Debug|Any CPU
		Release|Any CPU = Release|Any CPU
	EndGlobalSection
	GlobalSection(ProjectConfigurationPlatforms) = postSolution
		{29191EC8-189F-4E63-BF2C-DBF75713F133}.Debug|Any CPU.ActiveCfg = Debug|Any CPU
		{29191EC8-189F-4E63-BF2C-DBF75713F133}.Debug|Any CPU.Build.0 = Debug|Any CPU
		{29191EC8-189F-4E63-BF2C-DBF75713F133}.Release|Any CPU.ActiveCfg = Release|Any CPU
		{29191EC8-189F-4E63-BF2C-DBF75713F133}.Release|Any CPU.Build.0 = Release|Any CPU
	EndGlobalSection
	GlobalSection(SolutionProperties) = preSolution
		HideSolutionNode = FALSE
	EndGlobalSection
	GlobalSection(ExtensibilityGlobals) = postSolution
		SolutionGuid = {44AC86E0-87D7-4D5A-8E3B-4F03401DF877}
	EndGlobalSection
EndGlobal
